
Microsoft Visual Studio Solution File, Format Version 12.00
# Visual Studio Version 17
VisualStudioVersion = 17.3.32929.385
MinimumVisualStudioVersion = 10.0.40219.1
Project("{9A19103F-16F7-4668-BE54-9A1E7A4F7556}") = "Team.Exercise.Polimorfismo.Eurozone", "Team.Exercise.Polimorfismo.Eurozone\Team.Exercise.Polimorfismo.Eurozone.csproj", "{38428F33-211D-4B23-94C0-F4929049A111}"
EndProject
Project("{9A19103F-16F7-4668-BE54-9A1E7A4F7556}") = "Team.Exercise.AccessModifier.Streaming", "Team.Exercise.AccessModifier.Streaming\Team.Exercise.AccessModifier.Streaming.csproj", "{61FA8B57-4F66-4FE2-B3ED-7953A2BE9C86}"
EndProject
Project("{9A19103F-16F7-4668-BE54-9A1E7A4F7556}") = "Team.Exercise.Singleton", "Team.Exercise.Singleton\Team.Exercise.Singleton.csproj", "{19D62DB2-CC61-40A1-91BD-F12AF75B23DB}"
EndProject
Project("{9A19103F-16F7-4668-BE54-9A1E7A4F7556}") = "Exercise.AnagraficaCittadino", "Exercise.AnagraficaCittadino\Exercise.AnagraficaCittadino.csproj", "{D0A6B92D-4246-4647-AEC8-8E5621DC2AFC}"
EndProject
Project("{9A19103F-16F7-4668-BE54-9A1E7A4F7556}") = "Exercise.CorsiUniversitari", "Exercise.CorsiUniversitari\Exercise.CorsiUniversitari.csproj", "{DFA93DAC-75CF-42FE-90D2-5D39E9CE2580}"
EndProject
Project("{FAE04EC0-301F-11D3-BF4B-00C04F79EFBC}") = "Exercise.WriteFile", "Exercise.WriteFile\Exercise.WriteFile.csproj", "{35D7AC9D-4F6F-4B2A-8FF0-8BF222E62019}"
EndProject
Global
	GlobalSection(SolutionConfigurationPlatforms) = preSolution
		Debug|Any CPU = Debug|Any CPU
		Release|Any CPU = Release|Any CPU
	EndGlobalSection
	GlobalSection(ProjectConfigurationPlatforms) = postSolution
		{38428F33-211D-4B23-94C0-F4929049A111}.Debug|Any CPU.ActiveCfg = Debug|Any CPU
		{38428F33-211D-4B23-94C0-F4929049A111}.Debug|Any CPU.Build.0 = Debug|Any CPU
		{38428F33-211D-4B23-94C0-F4929049A111}.Release|Any CPU.ActiveCfg = Release|Any CPU
		{38428F33-211D-4B23-94C0-F4929049A111}.Release|Any CPU.Build.0 = Release|Any CPU
		{61FA8B57-4F66-4FE2-B3ED-7953A2BE9C86}.Debug|Any CPU.ActiveCfg = Debug|Any CPU
		{61FA8B57-4F66-4FE2-B3ED-7953A2BE9C86}.Debug|Any CPU.Build.0 = Debug|Any CPU
		{61FA8B57-4F66-4FE2-B3ED-7953A2BE9C86}.Release|Any CPU.ActiveCfg = Release|Any CPU
		{61FA8B57-4F66-4FE2-B3ED-7953A2BE9C86}.Release|Any CPU.Build.0 = Release|Any CPU
		{19D62DB2-CC61-40A1-91BD-F12AF75B23DB}.Debug|Any CPU.ActiveCfg = Debug|Any CPU
		{19D62DB2-CC61-40A1-91BD-F12AF75B23DB}.Debug|Any CPU.Build.0 = Debug|Any CPU
		{19D62DB2-CC61-40A1-91BD-F12AF75B23DB}.Release|Any CPU.ActiveCfg = Release|Any CPU
		{19D62DB2-CC61-40A1-91BD-F12AF75B23DB}.Release|Any CPU.Build.0 = Release|Any CPU
		{D0A6B92D-4246-4647-AEC8-8E5621DC2AFC}.Debug|Any CPU.ActiveCfg = Debug|Any CPU
		{D0A6B92D-4246-4647-AEC8-8E5621DC2AFC}.Debug|Any CPU.Build.0 = Debug|Any CPU
		{D0A6B92D-4246-4647-AEC8-8E5621DC2AFC}.Release|Any CPU.ActiveCfg = Release|Any CPU
		{D0A6B92D-4246-4647-AEC8-8E5621DC2AFC}.Release|Any CPU.Build.0 = Release|Any CPU
		{DFA93DAC-75CF-42FE-90D2-5D39E9CE2580}.Debug|Any CPU.ActiveCfg = Debug|Any CPU
		{DFA93DAC-75CF-42FE-90D2-5D39E9CE2580}.Debug|Any CPU.Build.0 = Debug|Any CPU
		{DFA93DAC-75CF-42FE-90D2-5D39E9CE2580}.Release|Any CPU.ActiveCfg = Release|Any CPU
		{DFA93DAC-75CF-42FE-90D2-5D39E9CE2580}.Release|Any CPU.Build.0 = Release|Any CPU
		{35D7AC9D-4F6F-4B2A-8FF0-8BF222E62019}.Debug|Any CPU.ActiveCfg = Debug|Any CPU
		{35D7AC9D-4F6F-4B2A-8FF0-8BF222E62019}.Debug|Any CPU.Build.0 = Debug|Any CPU
		{35D7AC9D-4F6F-4B2A-8FF0-8BF222E62019}.Release|Any CPU.ActiveCfg = Release|Any CPU
		{35D7AC9D-4F6F-4B2A-8FF0-8BF222E62019}.Release|Any CPU.Build.0 = Release|Any CPU
	EndGlobalSection
	GlobalSection(SolutionProperties) = preSolution
		HideSolutionNode = FALSE
	EndGlobalSection
	GlobalSection(ExtensibilityGlobals) = postSolution
		SolutionGuid = {F61EDD90-7B16-4F28-9D33-D5557F892E6B}
	EndGlobalSection
EndGlobal
